
Microsoft Visual Studio Solution File, Format Version 12.00
# Visual Studio Version 17
VisualStudioVersion = 17.1.32228.430
MinimumVisualStudioVersion = 10.0.40219.1
Project("{FAE04EC0-301F-11D3-BF4B-00C04F79EFBC}") = "SpecFlowProject", "SpecFlowProject\SpecFlowProject.csproj", "{B328442D-C427-483D-AE38-30BC4DDC3571}"
EndProject
Global
	GlobalSection(SolutionConfigurationPlatforms) = preSolution
		Debug|Any CPU = Debug|Any CPU
		Release|Any CPU = Release|Any CPU
	EndGlobalSection
	GlobalSection(ProjectConfigurationPlatforms) = postSolution
		{B328442D-C427-483D-AE38-30BC4DDC3571}.Debug|Any CPU.ActiveCfg = Debug|Any CPU
		{B328442D-C427-483D-AE38-30BC4DDC3571}.Debug|Any CPU.Build.0 = Debug|Any CPU
		{B328442D-C427-483D-AE38-30BC4DDC3571}.Release|Any CPU.ActiveCfg = Release|Any CPU
		{B328442D-C427-483D-AE38-30BC4DDC3571}.Release|Any CPU.Build.0 = Release|Any CPU
	EndGlobalSection
	GlobalSection(SolutionProperties) = preSolution
		HideSolutionNode = FALSE
	EndGlobalSection
	GlobalSection(ExtensibilityGlobals) = postSolution
		SolutionGuid = {E16DB006-DD52-42D6-9A80-DD5A96203D72}
	EndGlobalSection
EndGlobal
